
Microsoft Visual Studio Solution File, Format Version 11.00
# Visual Studio 2010
Project("{002A2DE9-8BB6-484D-9802-7E4AD4084715}") = "GridAsWindowsApplication", "GridAsWindowsApplication\GridAsWindowsApplication.visualdproj", "{DBFE18B5-4EFD-4A04-A806-E5C94FB6029D}"
EndProject
Global
	GlobalSection(SolutionConfigurationPlatforms) = preSolution
		Debug|Win32 = Debug|Win32
		Release|Win32 = Release|Win32
	EndGlobalSection
	GlobalSection(ProjectConfigurationPlatforms) = postSolution
		{DBFE18B5-4EFD-4A04-A806-E5C94FB6029D}.Debug|Win32.ActiveCfg = Debug|Win32
		{DBFE18B5-4EFD-4A04-A806-E5C94FB6029D}.Debug|Win32.Build.0 = Debug|Win32
		{DBFE18B5-4EFD-4A04-A806-E5C94FB6029D}.Release|Win32.ActiveCfg = Release|Win32
		{DBFE18B5-4EFD-4A04-A806-E5C94FB6029D}.Release|Win32.Build.0 = Release|Win32
	EndGlobalSection
	GlobalSection(SolutionProperties) = preSolution
		HideSolutionNode = FALSE
	EndGlobalSection
EndGlobal
